
Microsoft Visual Studio Solution File, Format Version 12.00
#
Project("{FAE04EC0-301F-11D3-BF4B-00C04F79EFBC}") = "PolynomialCalc.Console", "PolynomialCalc.Console\PolynomialCalc.Console.csproj", "{B066DFFE-6DFF-471E-8931-7C29C51FB6BA}"
EndProject
Project("{FAE04EC0-301F-11D3-BF4B-00C04F79EFBC}") = "PolynomialCalc.Core", "PolynomialCalc.Core\PolynomialCalc.Core.csproj", "{345B08CE-BDA8-449B-B114-FC37831AB064}"
EndProject
Project("{FAE04EC0-301F-11D3-BF4B-00C04F79EFBC}") = "PolynomialCalc.Core.UnitTest", "PolynomialCalc.Core.UnitTest\PolynomialCalc.Core.UnitTest.csproj", "{6AF21104-C382-4EF0-AA02-139B8A533EB7}"
EndProject
Project("{FAE04EC0-301F-11D3-BF4B-00C04F79EFBC}") = "PolynomialCalc.Parsers", "PolynomialCalc.Parsers\PolynomialCalc.Parsers.csproj", "{5552ED7E-232C-4467-9D2A-F37D0BA5EBA1}"
EndProject
Project("{FAE04EC0-301F-11D3-BF4B-00C04F79EFBC}") = "PolynomialCalc.Application", "PolynomialCalc.Application\PolynomialCalc.Application.csproj", "{C8FDE70D-86DE-479F-B186-FB3CF7D5CCB3}"
EndProject
Project("{2150E333-8FDC-42A3-9474-1A3956D46DE8}") = "src", "src", "{3DDF2B9B-71A7-4BDF-B08B-1A3435501E03}"
EndProject
Project("{2150E333-8FDC-42A3-9474-1A3956D46DE8}") = "tests", "tests", "{4F59CE9D-B73F-4577-B008-8669ED8E9CD1}"
EndProject
Project("{FAE04EC0-301F-11D3-BF4B-00C04F79EFBC}") = "PolynomialCalc.Parser.UnitTests", "PolynomialCalc.Parser.UnitTests\PolynomialCalc.Parser.UnitTests.csproj", "{79DC64E0-D5A1-4841-B4EE-26DA1BCA2774}"
EndProject
Project("{FAE04EC0-301F-11D3-BF4B-00C04F79EFBC}") = "PolynomialCalc.Presenters", "PolynomialCalc.Presenters\PolynomialCalc.Presenters.csproj", "{A551E707-88FB-4070-9341-90CFA4DD4E3F}"
EndProject
Project("{FAE04EC0-301F-11D3-BF4B-00C04F79EFBC}") = "PolynomialCalc.Presenters.UnitTests", "PolynomialCalc.Presenters.UnitTests\PolynomialCalc.Presenters.UnitTests.csproj", "{C46D6E93-5B3A-4DE1-A1A4-B298FF49C706}"
EndProject
Project("{FAE04EC0-301F-11D3-BF4B-00C04F79EFBC}") = "PolynomialCalc.Application.IntegrationTests", "PolynomialCalc.Application.IntegrationTests\PolynomialCalc.Application.IntegrationTests.csproj", "{4230924A-34ED-4081-85BB-FE6877F811C0}"
EndProject
Global
	GlobalSection(SolutionConfigurationPlatforms) = preSolution
		Debug|Any CPU = Debug|Any CPU
		Release|Any CPU = Release|Any CPU
	EndGlobalSection
	GlobalSection(ProjectConfigurationPlatforms) = postSolution
		{B066DFFE-6DFF-471E-8931-7C29C51FB6BA}.Debug|Any CPU.ActiveCfg = Debug|Any CPU
		{B066DFFE-6DFF-471E-8931-7C29C51FB6BA}.Debug|Any CPU.Build.0 = Debug|Any CPU
		{B066DFFE-6DFF-471E-8931-7C29C51FB6BA}.Release|Any CPU.ActiveCfg = Release|Any CPU
		{B066DFFE-6DFF-471E-8931-7C29C51FB6BA}.Release|Any CPU.Build.0 = Release|Any CPU
		{345B08CE-BDA8-449B-B114-FC37831AB064}.Debug|Any CPU.ActiveCfg = Debug|Any CPU
		{345B08CE-BDA8-449B-B114-FC37831AB064}.Debug|Any CPU.Build.0 = Debug|Any CPU
		{345B08CE-BDA8-449B-B114-FC37831AB064}.Release|Any CPU.ActiveCfg = Release|Any CPU
		{345B08CE-BDA8-449B-B114-FC37831AB064}.Release|Any CPU.Build.0 = Release|Any CPU
		{6AF21104-C382-4EF0-AA02-139B8A533EB7}.Debug|Any CPU.ActiveCfg = Debug|Any CPU
		{6AF21104-C382-4EF0-AA02-139B8A533EB7}.Debug|Any CPU.Build.0 = Debug|Any CPU
		{6AF21104-C382-4EF0-AA02-139B8A533EB7}.Release|Any CPU.ActiveCfg = Release|Any CPU
		{6AF21104-C382-4EF0-AA02-139B8A533EB7}.Release|Any CPU.Build.0 = Release|Any CPU
		{5552ED7E-232C-4467-9D2A-F37D0BA5EBA1}.Debug|Any CPU.ActiveCfg = Debug|Any CPU
		{5552ED7E-232C-4467-9D2A-F37D0BA5EBA1}.Debug|Any CPU.Build.0 = Debug|Any CPU
		{5552ED7E-232C-4467-9D2A-F37D0BA5EBA1}.Release|Any CPU.ActiveCfg = Release|Any CPU
		{5552ED7E-232C-4467-9D2A-F37D0BA5EBA1}.Release|Any CPU.Build.0 = Release|Any CPU
		{C8FDE70D-86DE-479F-B186-FB3CF7D5CCB3}.Debug|Any CPU.ActiveCfg = Debug|Any CPU
		{C8FDE70D-86DE-479F-B186-FB3CF7D5CCB3}.Debug|Any CPU.Build.0 = Debug|Any CPU
		{C8FDE70D-86DE-479F-B186-FB3CF7D5CCB3}.Release|Any CPU.ActiveCfg = Release|Any CPU
		{C8FDE70D-86DE-479F-B186-FB3CF7D5CCB3}.Release|Any CPU.Build.0 = Release|Any CPU
		{79DC64E0-D5A1-4841-B4EE-26DA1BCA2774}.Debug|Any CPU.ActiveCfg = Debug|Any CPU
		{79DC64E0-D5A1-4841-B4EE-26DA1BCA2774}.Debug|Any CPU.Build.0 = Debug|Any CPU
		{79DC64E0-D5A1-4841-B4EE-26DA1BCA2774}.Release|Any CPU.ActiveCfg = Release|Any CPU
		{79DC64E0-D5A1-4841-B4EE-26DA1BCA2774}.Release|Any CPU.Build.0 = Release|Any CPU
		{A551E707-88FB-4070-9341-90CFA4DD4E3F}.Debug|Any CPU.ActiveCfg = Debug|Any CPU
		{A551E707-88FB-4070-9341-90CFA4DD4E3F}.Debug|Any CPU.Build.0 = Debug|Any CPU
		{A551E707-88FB-4070-9341-90CFA4DD4E3F}.Release|Any CPU.ActiveCfg = Release|Any CPU
		{A551E707-88FB-4070-9341-90CFA4DD4E3F}.Release|Any CPU.Build.0 = Release|Any CPU
		{C46D6E93-5B3A-4DE1-A1A4-B298FF49C706}.Debug|Any CPU.ActiveCfg = Debug|Any CPU
		{C46D6E93-5B3A-4DE1-A1A4-B298FF49C706}.Debug|Any CPU.Build.0 = Debug|Any CPU
		{C46D6E93-5B3A-4DE1-A1A4-B298FF49C706}.Release|Any CPU.ActiveCfg = Release|Any CPU
		{C46D6E93-5B3A-4DE1-A1A4-B298FF49C706}.Release|Any CPU.Build.0 = Release|Any CPU
		{4230924A-34ED-4081-85BB-FE6877F811C0}.Debug|Any CPU.ActiveCfg = Debug|Any CPU
		{4230924A-34ED-4081-85BB-FE6877F811C0}.Debug|Any CPU.Build.0 = Debug|Any CPU
		{4230924A-34ED-4081-85BB-FE6877F811C0}.Release|Any CPU.ActiveCfg = Release|Any CPU
		{4230924A-34ED-4081-85BB-FE6877F811C0}.Release|Any CPU.Build.0 = Release|Any CPU
	EndGlobalSection
	GlobalSection(NestedProjects) = preSolution
		{C8FDE70D-86DE-479F-B186-FB3CF7D5CCB3} = {3DDF2B9B-71A7-4BDF-B08B-1A3435501E03}
		{B066DFFE-6DFF-471E-8931-7C29C51FB6BA} = {3DDF2B9B-71A7-4BDF-B08B-1A3435501E03}
		{345B08CE-BDA8-449B-B114-FC37831AB064} = {3DDF2B9B-71A7-4BDF-B08B-1A3435501E03}
		{5552ED7E-232C-4467-9D2A-F37D0BA5EBA1} = {3DDF2B9B-71A7-4BDF-B08B-1A3435501E03}
		{6AF21104-C382-4EF0-AA02-139B8A533EB7} = {4F59CE9D-B73F-4577-B008-8669ED8E9CD1}
		{79DC64E0-D5A1-4841-B4EE-26DA1BCA2774} = {4F59CE9D-B73F-4577-B008-8669ED8E9CD1}
		{A551E707-88FB-4070-9341-90CFA4DD4E3F} = {3DDF2B9B-71A7-4BDF-B08B-1A3435501E03}
		{C46D6E93-5B3A-4DE1-A1A4-B298FF49C706} = {4F59CE9D-B73F-4577-B008-8669ED8E9CD1}
		{4230924A-34ED-4081-85BB-FE6877F811C0} = {4F59CE9D-B73F-4577-B008-8669ED8E9CD1}
	EndGlobalSection
EndGlobal
