
Microsoft Visual Studio Solution File, Format Version 12.00
#
Project("{FAE04EC0-301F-11D3-BF4B-00C04F79EFBC}") = "PolynomialCalc.Console", "PolynomialCalc.Console\PolynomialCalc.Console.csproj", "{B066DFFE-6DFF-471E-8931-7C29C51FB6BA}"
EndProject
Project("{FAE04EC0-301F-11D3-BF4B-00C04F79EFBC}") = "PolynomialCalc.Core", "PolynomialCalc.Core\PolynomialCalc.Core.csproj", "{345B08CE-BDA8-449B-B114-FC37831AB064}"
EndProject
Project("{FAE04EC0-301F-11D3-BF4B-00C04F79EFBC}") = "PolynomialCalc.Core.UnitTest", "PolynomialCalc.Core.UnitTest\PolynomialCalc.Core.UnitTest.csproj", "{6AF21104-C382-4EF0-AA02-139B8A533EB7}"
EndProject
Project("{FAE04EC0-301F-11D3-BF4B-00C04F79EFBC}") = "PolynomialCalc.Parsers", "PolynomialCalc.Parsers\PolynomialCalc.Parsers.csproj", "{5552ED7E-232C-4467-9D2A-F37D0BA5EBA1}"
EndProject
Project("{FAE04EC0-301F-11D3-BF4B-00C04F79EFBC}") = "PolynomialCalc.Application", "PolynomialCalc.Application\PolynomialCalc.Application.csproj", "{C8FDE70D-86DE-479F-B186-FB3CF7D5CCB3}"
EndProject
Global
	GlobalSection(SolutionConfigurationPlatforms) = preSolution
		Debug|Any CPU = Debug|Any CPU
		Release|Any CPU = Release|Any CPU
	EndGlobalSection
	GlobalSection(ProjectConfigurationPlatforms) = postSolution
		{B066DFFE-6DFF-471E-8931-7C29C51FB6BA}.Debug|Any CPU.ActiveCfg = Debug|Any CPU
		{B066DFFE-6DFF-471E-8931-7C29C51FB6BA}.Debug|Any CPU.Build.0 = Debug|Any CPU
		{B066DFFE-6DFF-471E-8931-7C29C51FB6BA}.Release|Any CPU.ActiveCfg = Release|Any CPU
		{B066DFFE-6DFF-471E-8931-7C29C51FB6BA}.Release|Any CPU.Build.0 = Release|Any CPU
		{345B08CE-BDA8-449B-B114-FC37831AB064}.Debug|Any CPU.ActiveCfg = Debug|Any CPU
		{345B08CE-BDA8-449B-B114-FC37831AB064}.Debug|Any CPU.Build.0 = Debug|Any CPU
		{345B08CE-BDA8-449B-B114-FC37831AB064}.Release|Any CPU.ActiveCfg = Release|Any CPU
		{345B08CE-BDA8-449B-B114-FC37831AB064}.Release|Any CPU.Build.0 = Release|Any CPU
		{6AF21104-C382-4EF0-AA02-139B8A533EB7}.Debug|Any CPU.ActiveCfg = Debug|Any CPU
		{6AF21104-C382-4EF0-AA02-139B8A533EB7}.Debug|Any CPU.Build.0 = Debug|Any CPU
		{6AF21104-C382-4EF0-AA02-139B8A533EB7}.Release|Any CPU.ActiveCfg = Release|Any CPU
		{6AF21104-C382-4EF0-AA02-139B8A533EB7}.Release|Any CPU.Build.0 = Release|Any CPU
		{5552ED7E-232C-4467-9D2A-F37D0BA5EBA1}.Debug|Any CPU.ActiveCfg = Debug|Any CPU
		{5552ED7E-232C-4467-9D2A-F37D0BA5EBA1}.Debug|Any CPU.Build.0 = Debug|Any CPU
		{5552ED7E-232C-4467-9D2A-F37D0BA5EBA1}.Release|Any CPU.ActiveCfg = Release|Any CPU
		{5552ED7E-232C-4467-9D2A-F37D0BA5EBA1}.Release|Any CPU.Build.0 = Release|Any CPU
		{C8FDE70D-86DE-479F-B186-FB3CF7D5CCB3}.Debug|Any CPU.ActiveCfg = Debug|Any CPU
		{C8FDE70D-86DE-479F-B186-FB3CF7D5CCB3}.Debug|Any CPU.Build.0 = Debug|Any CPU
		{C8FDE70D-86DE-479F-B186-FB3CF7D5CCB3}.Release|Any CPU.ActiveCfg = Release|Any CPU
		{C8FDE70D-86DE-479F-B186-FB3CF7D5CCB3}.Release|Any CPU.Build.0 = Release|Any CPU
	EndGlobalSection
EndGlobal
