
Microsoft Visual Studio Solution File, Format Version 12.00
Project("{FAE04EC0-301F-11D3-BF4B-00C04F79EFBC}") = "PolynomialCalculator.Console", "PolynomialCalculator.Console\PolynomialCalculator.Console.csproj", "{B066DFFE-6DFF-471E-8931-7C29C51FB6BA}"
EndProject
Global
	GlobalSection(SolutionConfigurationPlatforms) = preSolution
		Debug|Any CPU = Debug|Any CPU
		Release|Any CPU = Release|Any CPU
	EndGlobalSection
	GlobalSection(ProjectConfigurationPlatforms) = postSolution
		{B066DFFE-6DFF-471E-8931-7C29C51FB6BA}.Debug|Any CPU.ActiveCfg = Debug|Any CPU
		{B066DFFE-6DFF-471E-8931-7C29C51FB6BA}.Debug|Any CPU.Build.0 = Debug|Any CPU
		{B066DFFE-6DFF-471E-8931-7C29C51FB6BA}.Release|Any CPU.ActiveCfg = Release|Any CPU
		{B066DFFE-6DFF-471E-8931-7C29C51FB6BA}.Release|Any CPU.Build.0 = Release|Any CPU
	EndGlobalSection
EndGlobal
